
Microsoft Visual Studio Solution File, Format Version 12.00
# Visual Studio Version 16
VisualStudioVersion = 16.0.30804.86
MinimumVisualStudioVersion = 10.0.40219.1
Project("{FAE04EC0-301F-11D3-BF4B-00C04F79EFBC}") = "CrudAngular", "CrudAngular\CrudAngular.csproj", "{36B9F5D1-7154-4E62-92EA-D149D1171C06}"
EndProject
Global
	GlobalSection(SolutionConfigurationPlatforms) = preSolution
		Debug|Any CPU = Debug|Any CPU
		Release|Any CPU = Release|Any CPU
	EndGlobalSection
	GlobalSection(ProjectConfigurationPlatforms) = postSolution
		{36B9F5D1-7154-4E62-92EA-D149D1171C06}.Debug|Any CPU.ActiveCfg = Debug|Any CPU
		{36B9F5D1-7154-4E62-92EA-D149D1171C06}.Debug|Any CPU.Build.0 = Debug|Any CPU
		{36B9F5D1-7154-4E62-92EA-D149D1171C06}.Release|Any CPU.ActiveCfg = Release|Any CPU
		{36B9F5D1-7154-4E62-92EA-D149D1171C06}.Release|Any CPU.Build.0 = Release|Any CPU
	EndGlobalSection
	GlobalSection(SolutionProperties) = preSolution
		HideSolutionNode = FALSE
	EndGlobalSection
	GlobalSection(ExtensibilityGlobals) = postSolution
		SolutionGuid = {73B46666-5B90-4B29-B56E-7D95AAC393E7}
	EndGlobalSection
EndGlobal
